
Microsoft Visual Studio Solution File, Format Version 12.00
# Visual Studio Version 17
VisualStudioVersion = 17.4.33205.214
MinimumVisualStudioVersion = 10.0.40219.1
Project("{FAE04EC0-301F-11D3-BF4B-00C04F79EFBC}") = "EmployeeWage", "EmployeeWage\EmployeeWage.csproj", "{288D1BBE-C3BA-41E2-BECE-556470642C3E}"
EndProject
Global
	GlobalSection(SolutionConfigurationPlatforms) = preSolution
		Debug|Any CPU = Debug|Any CPU
		Release|Any CPU = Release|Any CPU
	EndGlobalSection
	GlobalSection(ProjectConfigurationPlatforms) = postSolution
		{288D1BBE-C3BA-41E2-BECE-556470642C3E}.Debug|Any CPU.ActiveCfg = Debug|Any CPU
		{288D1BBE-C3BA-41E2-BECE-556470642C3E}.Debug|Any CPU.Build.0 = Debug|Any CPU
		{288D1BBE-C3BA-41E2-BECE-556470642C3E}.Release|Any CPU.ActiveCfg = Release|Any CPU
		{288D1BBE-C3BA-41E2-BECE-556470642C3E}.Release|Any CPU.Build.0 = Release|Any CPU
	EndGlobalSection
	GlobalSection(SolutionProperties) = preSolution
		HideSolutionNode = FALSE
	EndGlobalSection
	GlobalSection(ExtensibilityGlobals) = postSolution
		SolutionGuid = {44FD1E92-CD3B-4369-854A-6237DFCAB3DC}
	EndGlobalSection
EndGlobal
